
Microsoft Visual Studio Solution File, Format Version 12.00
# Visual Studio Version 16
VisualStudioVersion = 16.0.30804.86
MinimumVisualStudioVersion = 10.0.40219.1
Project("{FAE04EC0-301F-11D3-BF4B-00C04F79EFBC}") = "Redis.Api.Cache.Sample", "Redis.Api.Cache.Sample.csproj", "{AD942A22-CE8E-468A-B082-1276CD400ADF}"
EndProject
Project("{FAE04EC0-301F-11D3-BF4B-00C04F79EFBC}") = "RedisCache", "..\RedisCache\RedisCache.csproj", "{7ECD5534-CB4B-43D7-8D53-F3690A0D97E0}"
EndProject
Global
	GlobalSection(SolutionConfigurationPlatforms) = preSolution
		Debug|Any CPU = Debug|Any CPU
		Release|Any CPU = Release|Any CPU
	EndGlobalSection
	GlobalSection(ProjectConfigurationPlatforms) = postSolution
		{AD942A22-CE8E-468A-B082-1276CD400ADF}.Debug|Any CPU.ActiveCfg = Debug|Any CPU
		{AD942A22-CE8E-468A-B082-1276CD400ADF}.Debug|Any CPU.Build.0 = Debug|Any CPU
		{AD942A22-CE8E-468A-B082-1276CD400ADF}.Release|Any CPU.ActiveCfg = Release|Any CPU
		{AD942A22-CE8E-468A-B082-1276CD400ADF}.Release|Any CPU.Build.0 = Release|Any CPU
		{7ECD5534-CB4B-43D7-8D53-F3690A0D97E0}.Debug|Any CPU.ActiveCfg = Debug|Any CPU
		{7ECD5534-CB4B-43D7-8D53-F3690A0D97E0}.Debug|Any CPU.Build.0 = Debug|Any CPU
		{7ECD5534-CB4B-43D7-8D53-F3690A0D97E0}.Release|Any CPU.ActiveCfg = Release|Any CPU
		{7ECD5534-CB4B-43D7-8D53-F3690A0D97E0}.Release|Any CPU.Build.0 = Release|Any CPU
	EndGlobalSection
	GlobalSection(SolutionProperties) = preSolution
		HideSolutionNode = FALSE
	EndGlobalSection
	GlobalSection(ExtensibilityGlobals) = postSolution
		SolutionGuid = {DFD62080-AB99-4609-AA9F-4EA5B299D622}
	EndGlobalSection
EndGlobal
